// !$*UTF8*$!
{
	archiveVersion = 1;
	classes = {
	};
	objectVersion = 46;
	objects = {

/* Begin PBXBuildFile section */
		4560803D1D7D5F0C00A33886 /* AppDelegate.swift in Sources */ = {isa = PBXBuildFile; fileRef = 4560803C1D7D5F0C00A33886 /* AppDelegate.swift */; };
		4560803F1D7D5F0C00A33886 /* ViewController.swift in Sources */ = {isa = PBXBuildFile; fileRef = 4560803E1D7D5F0C00A33886 /* ViewController.swift */; };
		456080421D7D5F0C00A33886 /* Main.storyboard in Resources */ = {isa = PBXBuildFile; fileRef = 456080401D7D5F0C00A33886 /* Main.storyboard */; };
		456080441D7D5F0C00A33886 /* Assets.xcassets in Resources */ = {isa = PBXBuildFile; fileRef = 456080431D7D5F0C00A33886 /* Assets.xcassets */; };
		456080471D7D5F0C00A33886 /* LaunchScreen.storyboard in Resources */ = {isa = PBXBuildFile; fileRef = 456080451D7D5F0C00A33886 /* LaunchScreen.storyboard */; };
/* End PBXBuildFile section */

/* Begin PBXFileReference section */
		456080391D7D5F0C00A33886 /* Emoji Bibliotheek.app */ = {isa = PBXFileReference; explicitFileType = wrapper.application; includeInIndex = 0; path = "Emoji Bibliotheek.app"; sourceTree = BUILT_PRODUCTS_DIR; };
		4560803C1D7D5F0C00A33886 /* AppDelegate.swift */ = {isa = PBXFileReference; lastKnownFileType = sourcecode.swift; path = AppDelegate.swift; sourceTree = "<group>"; };
		4560803E1D7D5F0C00A33886 /* ViewController.swift */ = {isa = PBXFileReference; lastKnownFileType = sourcecode.swift; path = ViewController.swift; sourceTree = "<group>"; };
		456080411D7D5F0C00A33886 /* Base */ = {isa = PBXFileReference; lastKnownFileType = file.storyboard; name = Base; path = Base.lproj/Main.storyboard; sourceTree = "<group>"; };
		456080431D7D5F0C00A33886 /* Assets.xcassets */ = {isa = PBXFileReference; lastKnownFileType = folder.assetcatalog; path = Assets.xcassets; sourceTree = "<group>"; };
		456080461D7D5F0C00A33886 /* Base */ = {isa = PBXFileReference; lastKnownFileType = file.storyboard; name = Base; path = Base.lproj/LaunchScreen.storyboard; sourceTree = "<group>"; };
		456080481D7D5F0C00A33886 /* Info.plist */ = {isa = PBXFileReference; lastKnownFileType = text.plist.xml; path = Info.plist; sourceTree = "<group>"; };
/* End PBXFileReference section */

/* Begin PBXFrameworksBuildPhase section */
		456080361D7D5F0A00A33886 /* Frameworks */ = {
			isa = PBXFrameworksBuildPhase;
			buildActionMask = 2147483647;
			files = (
			);
			runOnlyForDeploymentPostprocessing = 0;
		};
/* End PBXFrameworksBuildPhase section */

/* Begin PBXGroup section */
		456080301D7D5F0A00A33886 = {
			isa = PBXGroup;
			children = (
				4560803B1D7D5F0C00A33886 /* Emoji Bibliotheek */,
				4560803A1D7D5F0C00A33886 /* Products */,
			);
			sourceTree = "<group>";
		};
		4560803A1D7D5F0C00A33886 /* Products */ = {
			isa = PBXGroup;
			children = (
				456080391D7D5F0C00A33886 /* Emoji Bibliotheek.app */,
			);
			name = Products;
			sourceTree = "<group>";
		};
		4560803B1D7D5F0C00A33886 /* Emoji Bibliotheek */ = {
			isa = PBXGroup;
			children = (
				4560803C1D7D5F0C00A33886 /* AppDelegate.swift */,
				4560803E1D7D5F0C00A33886 /* ViewController.swift */,
				456080401D7D5F0C00A33886 /* Main.storyboard */,
				456080431D7D5F0C00A33886 /* Assets.xcassets */,
				456080451D7D5F0C00A33886 /* LaunchScreen.storyboard */,
				456080481D7D5F0C00A33886 /* Info.plist */,
			);
			path = "Emoji Bibliotheek";
			sourceTree = "<group>";
		};
/* End PBXGroup section */

/* Begin PBXNativeTarget section */
		456080381D7D5F0A00A33886 /* Emoji Bibliotheek */ = {
			isa = PBXNativeTarget;
			buildConfigurationList = 4560804B1D7D5F0C00A33886 /* Build configuration list for PBXNativeTarget "Emoji Bibliotheek" */;
			buildPhases = (
				456080351D7D5F0A00A33886 /* Sources */,
				456080361D7D5F0A00A33886 /* Frameworks */,
				456080371D7D5F0A00A33886 /* Resources */,
			);
			buildRules = (
			);
			dependencies = (
			);
			name = "Emoji Bibliotheek";
			productName = "Emoji Bibliotheek";
			productReference = 456080391D7D5F0C00A33886 /* Emoji Bibliotheek.app */;
			productType = "com.apple.product-type.application";
		};
/* End PBXNativeTarget section */

/* Begin PBXProject section */
		456080311D7D5F0A00A33886 /* Project object */ = {
			isa = PBXProject;
			attributes = {
				LastSwiftUpdateCheck = 0800;
				LastUpgradeCheck = 0800;
				ORGANIZATIONNAME = "Kurt Peeters";
				TargetAttributes = {
					456080381D7D5F0A00A33886 = {
						CreatedOnToolsVersion = 8.0;
						ProvisioningStyle = Automatic;
					};
				};
			};
			buildConfigurationList = 456080341D7D5F0A00A33886 /* Build configuration list for PBXProject "Emoji Bibliotheek" */;
			compatibilityVersion = "Xcode 3.2";
			developmentRegion = English;
			hasScannedForEncodings = 0;
			knownRegions = (
				en,
				Base,
			);
			mainGroup = 456080301D7D5F0A00A33886;
			productRefGroup = 4560803A1D7D5F0C00A33886 /* Products */;
			projectDirPath = "";
			projectRoot = "";
			targets = (
				456080381D7D5F0A00A33886 /* Emoji Bibliotheek */,
			);
		};
/* End PBXProject section */

/* Begin PBXResourcesBuildPhase section */
		456080371D7D5F0A00A33886 /* Resources */ = {
			isa = PBXResourcesBuildPhase;
			buildActionMask = 2147483647;
			files = (
				456080471D7D5F0C00A33886 /* LaunchScreen.storyboard in Resources */,
				456080441D7D5F0C00A33886 /* Assets.xcassets in Resources */,
				456080421D7D5F0C00A33886 /* Main.storyboard in Resources */,
			);
			runOnlyForDeploymentPostprocessing = 0;
		};
/* End PBXResourcesBuildPhase section */

/* Begin PBXSourcesBuildPhase section */
		456080351D7D5F0A00A33886 /* Sources */ = {
			isa = PBXSourcesBuildPhase;
			buildActionMask = 2147483647;
			files = (
				4560803F1D7D5F0C00A33886 /* ViewController.swift in Sources */,
				4560803D1D7D5F0C00A33886 /* AppDelegate.swift in Sources */,
			);
			runOnlyForDeploymentPostprocessing = 0;
		};
/* End PBXSourcesBuildPhase section */

/* Begin PBXVariantGroup section */
		456080401D7D5F0C00A33886 /* Main.storyboard */ = {
			isa = PBXVariantGroup;
			children = (
				456080411D7D5F0C00A33886 /* Base */,
			);
			name = Main.storyboard;
			sourceTree = "<group>";
		};
		456080451D7D5F0C00A33886 /* LaunchScreen.storyboard */ = {
			isa = PBXVariantGroup;
			children = (
				456080461D7D5F0C00A33886 /* Base */,
			);
			name = LaunchScreen.storyboard;
			sourceTree = "<group>";
		};
/* End PBXVariantGroup section */

/* Begin XCBuildConfiguration section */
		456080491D7D5F0C00A33886 /* Debug */ = {
			isa = XCBuildConfiguration;
			buildSettings = {
				ALWAYS_SEARCH_USER_PATHS = NO;
				CLANG_ANALYZER_NONNULL = YES;
				CLANG_CXX_LANGUAGE_STANDARD = "gnu++0x";
				CLANG_CXX_LIBRARY = "libc++";
				CLANG_ENABLE_MODULES = YES;
				CLANG_ENABLE_OBJC_ARC = YES;
				CLANG_WARN_BOOL_CONVERSION = YES;
				CLANG_WARN_CONSTANT_CONVERSION = YES;
				CLANG_WARN_DIRECT_OBJC_ISA_USAGE = YES_ERROR;
				CLANG_WARN_DOCUMENTATION_COMMENTS = YES;
				CLANG_WARN_EMPTY_BODY = YES;
				CLANG_WARN_ENUM_CONVERSION = YES;
				CLANG_WARN_INFINITE_RECURSION = YES;
				CLANG_WARN_INT_CONVERSION = YES;
				CLANG_WARN_OBJC_ROOT_CLASS = YES_ERROR;
				CLANG_WARN_SUSPICIOUS_MOVES = YES;
				CLANG_WARN_UNREACHABLE_CODE = YES;
				CLANG_WARN__DUPLICATE_METHOD_MATCH = YES;
				"CODE_SIGN_IDENTITY[sdk=iphoneos*]" = "iPhone Developer";
				COPY_PHASE_STRIP = NO;
				DEBUG_INFORMATION_FORMAT = dwarf;
				ENABLE_STRICT_OBJC_MSGSEND = YES;
				ENABLE_TESTABILITY = YES;
				GCC_C_LANGUAGE_STANDARD = gnu99;
				GCC_DYNAMIC_NO_PIC = NO;
				GCC_NO_COMMON_BLOCKS = YES;
				GCC_OPTIMIZATION_LEVEL = 0;
				GCC_PREPROCESSOR_DEFINITIONS = (
					"DEBUG=1",
					"$(inherited)",
				);
				GCC_WARN_64_TO_32_BIT_CONVERSION = YES;
				GCC_WARN_ABOUT_RETURN_TYPE = YES_ERROR;
				GCC_WARN_UNDECLARED_SELECTOR = YES;
				GCC_WARN_UNINITIALIZED_AUTOS = YES_AGGRESSIVE;
				GCC_WARN_UNUSED_FUNCTION = YES;
				GCC_WARN_UNUSED_VARIABLE = YES;
				IPHONEOS_DEPLOYMENT_TARGET = 10.0;
				MTL_ENABLE_DEBUG_INFO = YES;
				ONLY_ACTIVE_ARCH = YES;
				SDKROOT = iphoneos;
				SWIFT_ACTIVE_COMPILATION_CONDITIONS = DEBUG;
				SWIFT_OPTIMIZATION_LEVEL = "-Onone";
				TARGETED_DEVICE_FAMILY = "1,2";
			};
			name = Debug;
		};
		4560804A1D7D5F0C00A33886 /* Release */ = {
			isa = XCBuildConfiguration;
			buildSettings = {
				ALWAYS_SEARCH_USER_PATHS = NO;
				CLANG_ANALYZER_NONNULL = YES;
				CLANG_CXX_LANGUAGE_STANDARD = "gnu++0x";
				CLANG_CXX_LIBRARY = "libc++";
				CLANG_ENABLE_MODULES = YES;
				CLANG_ENABLE_OBJC_ARC = YES;
				CLANG_WARN_BOOL_CONVERSION = YES;
				CLANG_WARN_CONSTANT_CONVERSION = YES;
				CLANG_WARN_DIRECT_OBJC_ISA_USAGE = YES_ERROR;
				CLANG_WARN_DOCUMENTATION_COMMENTS = YES;
				CLANG_WARN_EMPTY_BODY = YES;
				CLANG_WARN_ENUM_CONVERSION = YES;
				CLANG_WARN_INFINITE_RECURSION = YES;
				CLANG_WARN_INT_CONVERSION = YES;
				CLANG_WARN_OBJC_ROOT_CLASS = YES_ERROR;
				CLANG_WARN_SUSPICIOUS_MOVES = YES;
				CLANG_WARN_UNREACHABLE_CODE = YES;
				CLANG_WARN__DUPLICATE_METHOD_MATCH = YES;
				"CODE_SIGN_IDENTITY[sdk=iphoneos*]" = "iPhone Developer";
				COPY_PHASE_STRIP = NO;
				DEBUG_INFORMATION_FORMAT = "dwarf-with-dsym";
				ENABLE_NS_ASSERTIONS = NO;
				ENABLE_STRICT_OBJC_MSGSEND = YES;
				GCC_C_LANGUAGE_STANDARD = gnu99;
				GCC_NO_COMMON_BLOCKS = YES;
				GCC_WARN_64_TO_32_BIT_CONVERSION = YES;
				GCC_WARN_ABOUT_RETURN_TYPE = YES_ERROR;
				GCC_WARN_UNDECLARED_SELECTOR = YES;
				GCC_WARN_UNINITIALIZED_AUTOS = YES_AGGRESSIVE;
				GCC_WARN_UNUSED_FUNCTION = YES;
				GCC_WARN_UNUSED_VARIABLE = YES;
				IPHONEOS_DEPLOYMENT_TARGET = 10.0;
				MTL_ENABLE_DEBUG_INFO = NO;
				SDKROOT = iphoneos;
				SWIFT_OPTIMIZATION_LEVEL = "-Owholemodule";
				TARGETED_DEVICE_FAMILY = "1,2";
				VALIDATE_PRODUCT = YES;
			};
			name = Release;
		};
		4560804C1D7D5F0C00A33886 /* Debug */ = {
			isa = XCBuildConfiguration;
			buildSettings = {
				ASSETCATALOG_COMPILER_APPICON_NAME = AppIcon;
				INFOPLIST_FILE = "Emoji Bibliotheek/Info.plist";
				LD_RUNPATH_SEARCH_PATHS = "$(inherited) @executable_path/Frameworks";
				PRODUCT_BUNDLE_IDENTIFIER = "Peeters-Programming.Emoji-Bibliotheek";
				PRODUCT_NAME = "$(TARGET_NAME)";
				SWIFT_VERSION = 3.0;
			};
			name = Debug;
		};
		4560804D1D7D5F0C00A33886 /* Release */ = {
			isa = XCBuildConfiguration;
			buildSettings = {
				ASSETCATALOG_COMPILER_APPICON_NAME = AppIcon;
				INFOPLIST_FILE = "Emoji Bibliotheek/Info.plist";
				LD_RUNPATH_SEARCH_PATHS = "$(inherited) @executable_path/Frameworks";
				PRODUCT_BUNDLE_IDENTIFIER = "Peeters-Programming.Emoji-Bibliotheek";
				PRODUCT_NAME = "$(TARGET_NAME)";
				SWIFT_VERSION = 3.0;
			};
			name = Release;
		};
/* End XCBuildConfiguration section */

/* Begin XCConfigurationList section */
		456080341D7D5F0A00A33886 /* Build configuration list for PBXProject "Emoji Bibliotheek" */ = {
			isa = XCConfigurationList;
			buildConfigurations = (
				456080491D7D5F0C00A33886 /* Debug */,
				4560804A1D7D5F0C00A33886 /* Release */,
			);
			defaultConfigurationIsVisible = 0;
			defaultConfigurationName = Release;
		};
		4560804B1D7D5F0C00A33886 /* Build configuration list for PBXNativeTarget "Emoji Bibliotheek" */ = {
			isa = XCConfigurationList;
			buildConfigurations = (
				4560804C1D7D5F0C00A33886 /* Debug */,
				4560804D1D7D5F0C00A33886 /* Release */,
			);
			defaultConfigurationIsVisible = 0;
		};
/* End XCConfigurationList section */
	};
	rootObject = 456080311D7D5F0A00A33886 /* Project object */;
}
